
Microsoft Visual Studio Solution File, Format Version 12.00
# Visual Studio Version 17
VisualStudioVersion = 17.1.32210.238
MinimumVisualStudioVersion = 10.0.40219.1
Project("{FAE04EC0-301F-11D3-BF4B-00C04F79EFBC}") = "WinFormsApp1", "WinFormsApp1\WinFormsApp1.csproj", "{F00A7708-F421-45B2-B4B6-B933138BFA5E}"
EndProject
Global
	GlobalSection(SolutionConfigurationPlatforms) = preSolution
		Debug|Any CPU = Debug|Any CPU
		Release|Any CPU = Release|Any CPU
	EndGlobalSection
	GlobalSection(ProjectConfigurationPlatforms) = postSolution
		{F00A7708-F421-45B2-B4B6-B933138BFA5E}.Debug|Any CPU.ActiveCfg = Debug|Any CPU
		{F00A7708-F421-45B2-B4B6-B933138BFA5E}.Debug|Any CPU.Build.0 = Debug|Any CPU
		{F00A7708-F421-45B2-B4B6-B933138BFA5E}.Release|Any CPU.ActiveCfg = Release|Any CPU
		{F00A7708-F421-45B2-B4B6-B933138BFA5E}.Release|Any CPU.Build.0 = Release|Any CPU
	EndGlobalSection
	GlobalSection(SolutionProperties) = preSolution
		HideSolutionNode = FALSE
	EndGlobalSection
	GlobalSection(ExtensibilityGlobals) = postSolution
		SolutionGuid = {919ED09B-725A-4CDA-834F-9E9794645AF3}
	EndGlobalSection
EndGlobal
